{
    "name": "commoncode-layer",
    "version": "1.0.0",
    "lockfileVersion": 1,
    "requires": true,
    "dependencies": {
        "commonconstants": {
            "version": "file:constants"
        },
        "dcp-axios": {
            "version": "file:client/axios"
        },
        "dcp-client": {
            "version": "file:client/client"
        },
        "dcp-config": {
            "version": "file:config"
        },
        "dcp-errors": {
            "version": "file:errors"
        },
        "dcp-express": {
            "version": "file:express/express"
        },
        "dcp-kafka": {
            "version": "file:messaging/kafka"
        },
        "dcp-lambda": {
            "version": "file:lambda"
        },
        "dcp-loader": {
            "version": "file:express/loader"
        },
        "dcp-logger": {
            "version": "file:logger"
        },
        "dcp-messaging": {
            "version": "file:messaging/messaging"
        },
        "dcp-model": {
            "version": "file:model"
        },
        "dcp-mongoose": {
            "version": "file:db/mongoose"
        },
        "dcp-repository": {
            "version": "file:db/repository"
        },
        "dcp-responses": {
            "version": "file:responses"
        },
        "dcp-routes": {
            "version": "file:express/routes"
        },
        "dcp-test": {
            "version": "file:test"
        },
        "dcp-validator": {
            "version": "file:validator"
        }
    }
}
